
Microsoft Visual Studio Solution File, Format Version 12.00
# Visual Studio 15
VisualStudioVersion = 15.0.26430.16
MinimumVisualStudioVersion = 10.0.40219.1
Project("{FAE04EC0-301F-11D3-BF4B-00C04F79EFBC}") = "ClashOfClans", "ClashOfClans\ClashOfClans.csproj", "{F35B84F2-DB76-45C7-AF58-93D501296FCC}"
EndProject
Project("{FAE04EC0-301F-11D3-BF4B-00C04F79EFBC}") = "TownHall9", "TownHall9\TownHall9.csproj", "{303E46E6-EBE5-41FF-8B0C-361E18796B39}"
EndProject
Global
	GlobalSection(SolutionConfigurationPlatforms) = preSolution
		Debug|Any CPU = Debug|Any CPU
		Release|Any CPU = Release|Any CPU
	EndGlobalSection
	GlobalSection(ProjectConfigurationPlatforms) = postSolution
		{F35B84F2-DB76-45C7-AF58-93D501296FCC}.Debug|Any CPU.ActiveCfg = Debug|Any CPU
		{F35B84F2-DB76-45C7-AF58-93D501296FCC}.Debug|Any CPU.Build.0 = Debug|Any CPU
		{F35B84F2-DB76-45C7-AF58-93D501296FCC}.Release|Any CPU.ActiveCfg = Release|Any CPU
		{F35B84F2-DB76-45C7-AF58-93D501296FCC}.Release|Any CPU.Build.0 = Release|Any CPU
		{303E46E6-EBE5-41FF-8B0C-361E18796B39}.Debug|Any CPU.ActiveCfg = Debug|Any CPU
		{303E46E6-EBE5-41FF-8B0C-361E18796B39}.Debug|Any CPU.Build.0 = Debug|Any CPU
		{303E46E6-EBE5-41FF-8B0C-361E18796B39}.Release|Any CPU.ActiveCfg = Release|Any CPU
		{303E46E6-EBE5-41FF-8B0C-361E18796B39}.Release|Any CPU.Build.0 = Release|Any CPU
	EndGlobalSection
	GlobalSection(SolutionProperties) = preSolution
		HideSolutionNode = FALSE
	EndGlobalSection
EndGlobal
